
Microsoft Visual Studio Solution File, Format Version 12.00
# Visual Studio 15
VisualStudioVersion = 15.0.27130.2026
MinimumVisualStudioVersion = 10.0.40219.1
Project("{9A19103F-16F7-4668-BE54-9A1E7A4F7556}") = "Gardilot.Website", "Gardilot.Website\Gardilot.Website.csproj", "{D10C222A-9715-4D74-9597-AA6ADECB439D}"
EndProject
Project("{9A19103F-16F7-4668-BE54-9A1E7A4F7556}") = "Gardilot.CommandLine", "Gardilot.CommandLine\Gardilot.CommandLine.csproj", "{5CF75473-A915-45D0-AC81-8267CF4695FF}"
EndProject
Project("{FAE04EC0-301F-11D3-BF4B-00C04F79EFBC}") = "Gardilot.Integration", "Gardilot.Integration\Gardilot.Integration.csproj", "{A104D424-CEE8-4005-A76E-1096A2E04736}"
EndProject
Project("{FAE04EC0-301F-11D3-BF4B-00C04F79EFBC}") = "Gardilot.Domain", "Gardilot.Domain\Gardilot.Domain.csproj", "{40D6CFA0-7656-4FC4-BCAA-64EEF59B1FAD}"
EndProject
Global
	GlobalSection(SolutionConfigurationPlatforms) = preSolution
		Debug|Any CPU = Debug|Any CPU
		Release|Any CPU = Release|Any CPU
	EndGlobalSection
	GlobalSection(ProjectConfigurationPlatforms) = postSolution
		{D10C222A-9715-4D74-9597-AA6ADECB439D}.Debug|Any CPU.ActiveCfg = Debug|Any CPU
		{D10C222A-9715-4D74-9597-AA6ADECB439D}.Debug|Any CPU.Build.0 = Debug|Any CPU
		{D10C222A-9715-4D74-9597-AA6ADECB439D}.Release|Any CPU.ActiveCfg = Release|Any CPU
		{D10C222A-9715-4D74-9597-AA6ADECB439D}.Release|Any CPU.Build.0 = Release|Any CPU
		{5CF75473-A915-45D0-AC81-8267CF4695FF}.Debug|Any CPU.ActiveCfg = Debug|Any CPU
		{5CF75473-A915-45D0-AC81-8267CF4695FF}.Debug|Any CPU.Build.0 = Debug|Any CPU
		{5CF75473-A915-45D0-AC81-8267CF4695FF}.Release|Any CPU.ActiveCfg = Release|Any CPU
		{5CF75473-A915-45D0-AC81-8267CF4695FF}.Release|Any CPU.Build.0 = Release|Any CPU
		{A104D424-CEE8-4005-A76E-1096A2E04736}.Debug|Any CPU.ActiveCfg = Debug|Any CPU
		{A104D424-CEE8-4005-A76E-1096A2E04736}.Debug|Any CPU.Build.0 = Debug|Any CPU
		{A104D424-CEE8-4005-A76E-1096A2E04736}.Release|Any CPU.ActiveCfg = Release|Any CPU
		{A104D424-CEE8-4005-A76E-1096A2E04736}.Release|Any CPU.Build.0 = Release|Any CPU
		{40D6CFA0-7656-4FC4-BCAA-64EEF59B1FAD}.Debug|Any CPU.ActiveCfg = Debug|Any CPU
		{40D6CFA0-7656-4FC4-BCAA-64EEF59B1FAD}.Debug|Any CPU.Build.0 = Debug|Any CPU
		{40D6CFA0-7656-4FC4-BCAA-64EEF59B1FAD}.Release|Any CPU.ActiveCfg = Release|Any CPU
		{40D6CFA0-7656-4FC4-BCAA-64EEF59B1FAD}.Release|Any CPU.Build.0 = Release|Any CPU
	EndGlobalSection
	GlobalSection(SolutionProperties) = preSolution
		HideSolutionNode = FALSE
	EndGlobalSection
	GlobalSection(ExtensibilityGlobals) = postSolution
		SolutionGuid = {78066B4D-63C0-4A70-B6B4-39750E2E079F}
	EndGlobalSection
EndGlobal
